version = 1
revision = 3
requires-python = ">=3.10"

[[package]]
name = "agent-smith"
version = "0.1.0"
source = { virtual = "." }
dependencies = [
    { name = "uv" },
]

[package.metadata]
requires-dist = [{ name = "uv", specifier = ">=0.11.25" }]

[[package]]
name = "uv"
version = "0.11.25"
source = { registry = "https://pypi.org/simple" }
sdist = { url = "https://files.pythonhosted.org/packages/4b/8e/2777bf40df3c634f2a522baaa2995d2bd5901461fc5d8730c04c39fa6c75/uv-0.11.25.tar.gz", hash = "sha256:458e731778e7b5cc870710397859c23e766703e7bc0695f23b3eb15080745ba6", size = 4329198, upload-time = "2026-06-27T00:49:00.519Z" }
wheels = [
    { url = "https://files.pythonhosted.org/packages/8d/a7/dc836daca0db76178cfe4e40ee95fa2c5f96a3d7b3cda0bdde5291aef8b8/uv-0.11.25-py3-none-linux_armv6l.whl", hash = "sha256:d6f965a79fc7539a12139ce981caa0cbf7d9d3bd4ea3daadaf174ab4d7fb6e42", size = 25153689, upload-time = "2026-06-27T00:48:10.708Z" },
    { url = "https://files.pythonhosted.org/packages/9c/97/d60eabb616db232ed0e682c55d858d0980175a92336429c4e0ee82a160e6/uv-0.11.25-py3-none-macosx_10_12_x86_64.whl", hash = "sha256:610650cbaa0a9b18015da39d2c28d736d287a5a124e49296d8fdef5e4022e980", size = 24149272, upload-time = "2026-06-27T00:48:13.917Z" },
    { url = "https://files.pythonhosted.org/packages/ab/fd/9f72373e340c6abcd3eb9257d69b442434b65e90e1f7f53f333abdac11b2/uv-0.11.25-py3-none-macosx_11_0_arm64.whl", hash = "sha256:f7a78fc8d0c5e764e9fa39c99066db47a0bc465b023feed90812e3c0a6b5eb0d", size = 22885453, upload-time = "2026-06-27T00:48:16.641Z" },
    { url = "https://files.pythonhosted.org/packages/ee/c1/7cbb3f6b4a021ce7c1c453d1412d3b4b68d7d7585d15d91a57e9ab0a317e/uv-0.11.25-py3-none-manylinux_2_17_aarch64.manylinux2014_aarch64.musllinux_1_1_aarch64.whl", hash = "sha256:e3480640983e0b8e509eeb67882837e620bdd820f8776948a5f13ebbb4481d04", size = 24935172, upload-time = "2026-06-27T00:48:19.495Z" },
    { url = "https://files.pythonhosted.org/packages/df/d4/862a534ab4aae28ad2c9145ea5af3021eefe225e4e1c983278bb34b53b9e/uv-0.11.25-py3-none-manylinux_2_17_armv7l.manylinux2014_armv7l.musllinux_1_1_armv7l.whl", hash = "sha256:b180b12237b4e04692491fc6796584a9a8bdf4c7332bd2a769caf096b97885d0", size = 24665125, upload-time = "2026-06-27T00:48:22.408Z" },
    { url = "https://files.pythonhosted.org/packages/91/2a/70ef2f2a212d89d23f90e1c8017c080fae93bec21cd9f14795498a6e6f89/uv-0.11.25-py3-none-manylinux_2_17_armv7l.manylinux2014_armv7l.whl", hash = "sha256:69d14ffd0a4b050f8a70f64aacb09b8dfdfb1cb30a6351fb17b48f273f95c58c", size = 24653836, upload-time = "2026-06-27T00:48:24.858Z" },
    { url = "https://files.pythonhosted.org/packages/44/2b/a7beea057778f092daa5aeda7aeb3f8bfa78f4a0622245adb449fdbb3d20/uv-0.11.25-py3-none-manylinux_2_17_i686.manylinux2014_i686.whl", hash = "sha256:61ef11d9967a38109e6e8e3d20d1f743fa08033c32bce274d6ccd9a9abb5d305", size = 26069304, upload-time = "2026-06-27T00:48:28.05Z" },
    { url = "https://files.pythonhosted.org/packages/e2/e8/bb8ab595a27035b565cedd5d601ae2b85cf6aba6f68cd6a97eae88dd7250/uv-0.11.25-py3-none-manylinux_2_17_ppc64le.manylinux2014_ppc64le.whl", hash = "sha256:3febca65ec5bc336ddaf7e4f724704f2c894c16839723df14865ee00b4acf38d", size = 26992784, upload-time = "2026-06-27T00:48:30.584Z" },
    { url = "https://files.pythonhosted.org/packages/17/90/bbfa0653e992877e5ea78ab3186fb6a5a122ebef5913b6809ef6d06fcf9b/uv-0.11.25-py3-none-manylinux_2_17_s390x.manylinux2014_s390x.whl", hash = "sha256:850ba0018ff170c3a9baaf9b5fe8b23393b6b77ee4ea6b2e2315fdb8d7c388f7", size = 26151002, upload-time = "2026-06-27T00:48:33.739Z" },
    { url = "https://files.pythonhosted.org/packages/91/01/f5a01fd777ce501cc59eb71775f3bbacac258a65a64939f07804c2279c98/uv-0.11.25-py3-none-manylinux_2_17_x86_64.manylinux2014_x86_64.whl", hash = "sha256:d2bc05e17ae3e1f232abf93e7dcfb3b68702dfcde34a00c29cbce7e07d1ecbfb", size = 26334122, upload-time = "2026-06-27T00:48:36.247Z" },
    { url = "https://files.pythonhosted.org/packages/f9/c4/f8b3b6b1bb48a452d98c02909e229f7ae317300618d6dc334c883742339e/uv-0.11.25-py3-none-manylinux_2_28_aarch64.whl", hash = "sha256:57fbd47e924242fd347d0c209d95711d8ea61db8d8780962d0f30ccde2c854a3", size = 25055505, upload-time = "2026-06-27T00:48:39.418Z" },
    { url = "https://files.pythonhosted.org/packages/c6/7d/aece221faba22804d8b4f913903358dc2d45193babf2a44a49f79eadd25b/uv-0.11.25-py3-none-manylinux_2_31_riscv64.musllinux_1_1_riscv64.whl", hash = "sha256:f42de9e7d63a28a4fe76a522077813656de38b5acda20b4db63857d260c1ff13", size = 25660097, upload-time = "2026-06-27T00:48:42.398Z" },
    { url = "https://files.pythonhosted.org/packages/d3/7d/b835ed56eab281054efbfbcbbe1249621908c6e4c721a878904cbed2f418/uv-0.11.25-py3-none-manylinux_2_31_riscv64.whl", hash = "sha256:2c1cfe97dce56c997dfa3214bdb8955b7b34cceea7505520185e22ad99c0eb6b", size = 25759374, upload-time = "2026-06-27T00:48:45.069Z" },
    { url = "https://files.pythonhosted.org/packages/c2/fd/28c990fd18330aa01383bae738be113f4ac5d9d414f92790947326c6781c/uv-0.11.25-py3-none-musllinux_1_1_i686.whl", hash = "sha256:fbff70ae9fa4da9fb6823ae4fdaf77a65c9520e13b6d1d0241ba56e4b121b7aa", size = 25329343, upload-time = "2026-06-27T00:48:47.718Z" },
    { url = "https://files.pythonhosted.org/packages/70/48/16ff9dbe5f308cb547e227971cbcaf3c905797da12a4116b620e2acc09cb/uv-0.11.25-py3-none-musllinux_1_1_x86_64.whl", hash = "sha256:41b37e724f41eb4c3794bbdd82ddeebb4b5850d4ada8cccb2906ef9e5aa0f83b", size = 26477125, upload-time = "2026-06-27T00:48:50.251Z" },
    { url = "https://files.pythonhosted.org/packages/f6/8b/4146a55d3ee6b2b67c3dece3ef6be220c443abafc2dc56baa2f74d6b36a8/uv-0.11.25-py3-none-win32.whl", hash = "sha256:86d4759fec9b46f61944d6e9ef1f5eaa2c5fbe2db5ddb59492d9174b08fcf39c", size = 23896598, upload-time = "2026-06-27T00:48:53.01Z" },
    { url = "https://files.pythonhosted.org/packages/64/66/784f9fb457b640dbb96cdd175f4902235b42ffe740dbaee9ea5fc649d8b2/uv-0.11.25-py3-none-win_amd64.whl", hash = "sha256:560b0fbaa6356af533923a349658c21d4f410d16e835787d8a05da451d4ee859", size = 26862205, upload-time = "2026-06-27T00:48:55.667Z" },
    { url = "https://files.pythonhosted.org/packages/85/cb/d7bb121261db0b829f38b1e86b80d8103afd050b8a5c5c9fe4a988d2f1fc/uv-0.11.25-py3-none-win_arm64.whl", hash = "sha256:79f166cd1b84f855e9d2768221d59b403869648289fd884d58ad4299edfb4d9e", size = 25153588, upload-time = "2026-06-27T00:48:58.495Z" },
]
